// !$*UTF8*$!
{
	archiveVersion = 1;
	classes = {
	};
	objectVersion = 77;
	objects = {

/* Begin PBXBuildFile section */
		3D2FE5E82F77F1BE00CD99E6 /* ObsidianParser in Frameworks */ = {isa = PBXBuildFile; productRef = 3D2FE5E72F77F1BE00CD99E6 /* ObsidianParser */; };
/* End PBXBuildFile section */

/* Begin PBXContainerItemProxy section */
		3D2FE5C82F77EEEC00CD99E6 /* PBXContainerItemProxy */ = {
			isa = PBXContainerItemProxy;
			containerPortal = 3D2FE5B02F77EEEB00CD99E6 /* Project object */;
			proxyType = 1;
			remoteGlobalIDString = 3D2FE5B72F77EEEB00CD99E6;
			remoteInfo = daiban;
		};
		3D2FE5D22F77EEEC00CD99E6 /* PBXContainerItemProxy */ = {
			isa = PBXContainerItemProxy;
			containerPortal = 3D2FE5B02F77EEEB00CD99E6 /* Project object */;
			proxyType = 1;
			remoteGlobalIDString = 3D2FE5B72F77EEEB00CD99E6;
			remoteInfo = daiban;
		};
/* End PBXContainerItemProxy section */

/* Begin PBXFileReference section */
		3D2FE5B82F77EEEB00CD99E6 /* daiban.app */ = {isa = PBXFileReference; explicitFileType = wrapper.application; includeInIndex = 0; path = daiban.app; sourceTree = BUILT_PRODUCTS_DIR; };
		3D2FE5C72F77EEEC00CD99E6 /* daibanTests.xctest */ = {isa = PBXFileReference; explicitFileType = wrapper.cfbundle; includeInIndex = 0; path = daibanTests.xctest; sourceTree = BUILT_PRODUCTS_DIR; };
		3D2FE5D12F77EEEC00CD99E6 /* daibanUITests.xctest */ = {isa = PBXFileReference; explicitFileType = wrapper.cfbundle; includeInIndex = 0; path = daibanUITests.xctest; sourceTree = BUILT_PRODUCTS_DIR; };
		3D2FE5E42F77F11300CD99E6 /* DaibanCore */ = {isa = PBXFileReference; lastKnownFileType = wrapper; path = DaibanCore; sourceTree = "<group>"; };
/* End PBXFileReference section */

/* Begin PBXFileSystemSynchronizedRootGroup section */
		3D2FE5BA2F77EEEB00CD99E6 /* daiban */ = {
			isa = PBXFileSystemSynchronizedRootGroup;
			path = daiban;
			sourceTree = "<group>";
		};
		3D2FE5CA2F77EEEC00CD99E6 /* daibanTests */ = {
			isa = PBXFileSystemSynchronizedRootGroup;
			path = daibanTests;
			sourceTree = "<group>";
		};
		3D2FE5D42F77EEEC00CD99E6 /* daibanUITests */ = {
			isa = PBXFileSystemSynchronizedRootGroup;
			path = daibanUITests;
			sourceTree = "<group>";
		};
/* End PBXFileSystemSynchronizedRootGroup section */

/* Begin PBXFrameworksBuildPhase section */
		3D2FE5B52F77EEEB00CD99E6 /* Frameworks */ = {
			isa = PBXFrameworksBuildPhase;
			buildActionMask = 2147483647;
			files = (
				3D2FE5E82F77F1BE00CD99E6 /* ObsidianParser in Frameworks */,
			);
			runOnlyForDeploymentPostprocessing = 0;
		};
		3D2FE5C42F77EEEC00CD99E6 /* Frameworks */ = {
			isa = PBXFrameworksBuildPhase;
			buildActionMask = 2147483647;
			files = (
			);
			runOnlyForDeploymentPostprocessing = 0;
		};
		3D2FE5CE2F77EEEC00CD99E6 /* Frameworks */ = {
			isa = PBXFrameworksBuildPhase;
			buildActionMask = 2147483647;
			files = (
			);
			runOnlyForDeploymentPostprocessing = 0;
		};
/* End PBXFrameworksBuildPhase section */

/* Begin PBXGroup section */
		3D2FE5AF2F77EEEB00CD99E6 = {
			isa = PBXGroup;
			children = (
				3D2FE5E52F77F11300CD99E6 /* Packages */,
				3D2FE5BA2F77EEEB00CD99E6 /* daiban */,
				3D2FE5CA2F77EEEC00CD99E6 /* daibanTests */,
				3D2FE5D42F77EEEC00CD99E6 /* daibanUITests */,
				3D2FE5E62F77F1BE00CD99E6 /* Frameworks */,
				3D2FE5B92F77EEEB00CD99E6 /* Products */,
			);
			sourceTree = "<group>";
		};
		3D2FE5B92F77EEEB00CD99E6 /* Products */ = {
			isa = PBXGroup;
			children = (
				3D2FE5B82F77EEEB00CD99E6 /* daiban.app */,
				3D2FE5C72F77EEEC00CD99E6 /* daibanTests.xctest */,
				3D2FE5D12F77EEEC00CD99E6 /* daibanUITests.xctest */,
			);
			name = Products;
			sourceTree = "<group>";
		};
		3D2FE5E52F77F11300CD99E6 /* Packages */ = {
			isa = PBXGroup;
			children = (
				3D2FE5E42F77F11300CD99E6 /* DaibanCore */,
			);
			path = Packages;
			sourceTree = "<group>";
		};
		3D2FE5E62F77F1BE00CD99E6 /* Frameworks */ = {
			isa = PBXGroup;
			children = (
			);
			name = Frameworks;
			sourceTree = "<group>";
		};
/* End PBXGroup section */

/* Begin PBXNativeTarget section */
		3D2FE5B72F77EEEB00CD99E6 /* daiban */ = {
			isa = PBXNativeTarget;
			buildConfigurationList = 3D2FE5DB2F77EEEC00CD99E6 /* Build configuration list for PBXNativeTarget "daiban" */;
			buildPhases = (
				3D2FE5B42F77EEEB00CD99E6 /* Sources */,
				3D2FE5B52F77EEEB00CD99E6 /* Frameworks */,
				3D2FE5B62F77EEEB00CD99E6 /* Resources */,
			);
			buildRules = (
			);
			dependencies = (
				3D2FE5EA2F77F20300CD99E6 /* PBXTargetDependency */,
			);
			fileSystemSynchronizedGroups = (
				3D2FE5BA2F77EEEB00CD99E6 /* daiban */,
			);
			name = daiban;
			packageProductDependencies = (
				3D2FE5E72F77F1BE00CD99E6 /* ObsidianParser */,
			);
			productName = daiban;
			productReference = 3D2FE5B82F77EEEB00CD99E6 /* daiban.app */;
			productType = "com.apple.product-type.application";
		};
		3D2FE5C62F77EEEC00CD99E6 /* daibanTests */ = {
			isa = PBXNativeTarget;
			buildConfigurationList = 3D2FE5DE2F77EEEC00CD99E6 /* Build configuration list for PBXNativeTarget "daibanTests" */;
			buildPhases = (
				3D2FE5C32F77EEEC00CD99E6 /* Sources */,
				3D2FE5C42F77EEEC00CD99E6 /* Frameworks */,
				3D2FE5C52F77EEEC00CD99E6 /* Resources */,
			);
			buildRules = (
			);
			dependencies = (
				3D2FE5C92F77EEEC00CD99E6 /* PBXTargetDependency */,
			);
			fileSystemSynchronizedGroups = (
				3D2FE5CA2F77EEEC00CD99E6 /* daibanTests */,
			);
			name = daibanTests;
			packageProductDependencies = (
			);
			productName = daibanTests;
			productReference = 3D2FE5C72F77EEEC00CD99E6 /* daibanTests.xctest */;
			productType = "com.apple.product-type.bundle.unit-test";
		};
		3D2FE5D02F77EEEC00CD99E6 /* daibanUITests */ = {
			isa = PBXNativeTarget;
			buildConfigurationList = 3D2FE5E12F77EEEC00CD99E6 /* Build configuration list for PBXNativeTarget "daibanUITests" */;
			buildPhases = (
				3D2FE5CD2F77EEEC00CD99E6 /* Sources */,
				3D2FE5CE2F77EEEC00CD99E6 /* Frameworks */,
				3D2FE5CF2F77EEEC00CD99E6 /* Resources */,
			);
			buildRules = (
			);
			dependencies = (
				3D2FE5D32F77EEEC00CD99E6 /* PBXTargetDependency */,
			);
			fileSystemSynchronizedGroups = (
				3D2FE5D42F77EEEC00CD99E6 /* daibanUITests */,
			);
			name = daibanUITests;
			packageProductDependencies = (
			);
			productName = daibanUITests;
			productReference = 3D2FE5D12F77EEEC00CD99E6 /* daibanUITests.xctest */;
			productType = "com.apple.product-type.bundle.ui-testing";
		};
/* End PBXNativeTarget section */

/* Begin PBXProject section */
		3D2FE5B02F77EEEB00CD99E6 /* Project object */ = {
			isa = PBXProject;
			attributes = {
				BuildIndependentTargetsInParallel = 1;
				LastSwiftUpdateCheck = 2640;
				LastUpgradeCheck = 2640;
				TargetAttributes = {
					3D2FE5B72F77EEEB00CD99E6 = {
						CreatedOnToolsVersion = 26.4;
					};
					3D2FE5C62F77EEEC00CD99E6 = {
						CreatedOnToolsVersion = 26.4;
						TestTargetID = 3D2FE5B72F77EEEB00CD99E6;
					};
					3D2FE5D02F77EEEC00CD99E6 = {
						CreatedOnToolsVersion = 26.4;
						TestTargetID = 3D2FE5B72F77EEEB00CD99E6;
					};
				};
			};
			buildConfigurationList = 3D2FE5B32F77EEEB00CD99E6 /* Build configuration list for PBXProject "daiban" */;
			developmentRegion = en;
			hasScannedForEncodings = 0;
			knownRegions = (
				en,
				Base,
			);
			mainGroup = 3D2FE5AF2F77EEEB00CD99E6;
			minimizedProjectReferenceProxies = 1;
			preferredProjectObjectVersion = 77;
			productRefGroup = 3D2FE5B92F77EEEB00CD99E6 /* Products */;
			projectDirPath = "";
			projectRoot = "";
			targets = (
				3D2FE5B72F77EEEB00CD99E6 /* daiban */,
				3D2FE5C62F77EEEC00CD99E6 /* daibanTests */,
				3D2FE5D02F77EEEC00CD99E6 /* daibanUITests */,
			);
		};
/* End PBXProject section */

/* Begin PBXResourcesBuildPhase section */
		3D2FE5B62F77EEEB00CD99E6 /* Resources */ = {
			isa = PBXResourcesBuildPhase;
			buildActionMask = 2147483647;
			files = (
			);
			runOnlyForDeploymentPostprocessing = 0;
		};
		3D2FE5C52F77EEEC00CD99E6 /* Resources */ = {
			isa = PBXResourcesBuildPhase;
			buildActionMask = 2147483647;
			files = (
			);
			runOnlyForDeploymentPostprocessing = 0;
		};
		3D2FE5CF2F77EEEC00CD99E6 /* Resources */ = {
			isa = PBXResourcesBuildPhase;
			buildActionMask = 2147483647;
			files = (
			);
			runOnlyForDeploymentPostprocessing = 0;
		};
/* End PBXResourcesBuildPhase section */

/* Begin PBXSourcesBuildPhase section */
		3D2FE5B42F77EEEB00CD99E6 /* Sources */ = {
			isa = PBXSourcesBuildPhase;
			buildActionMask = 2147483647;
			files = (
			);
			runOnlyForDeploymentPostprocessing = 0;
		};
		3D2FE5C32F77EEEC00CD99E6 /* Sources */ = {
			isa = PBXSourcesBuildPhase;
			buildActionMask = 2147483647;
			files = (
			);
			runOnlyForDeploymentPostprocessing = 0;
		};
		3D2FE5CD2F77EEEC00CD99E6 /* Sources */ = {
			isa = PBXSourcesBuildPhase;
			buildActionMask = 2147483647;
			files = (
			);
			runOnlyForDeploymentPostprocessing = 0;
		};
/* End PBXSourcesBuildPhase section */

/* Begin PBXTargetDependency section */
		3D2FE5C92F77EEEC00CD99E6 /* PBXTargetDependency */ = {
			isa = PBXTargetDependency;
			target = 3D2FE5B72F77EEEB00CD99E6 /* daiban */;
			targetProxy = 3D2FE5C82F77EEEC00CD99E6 /* PBXContainerItemProxy */;
		};
		3D2FE5D32F77EEEC00CD99E6 /* PBXTargetDependency */ = {
			isa = PBXTargetDependency;
			target = 3D2FE5B72F77EEEB00CD99E6 /* daiban */;
			targetProxy = 3D2FE5D22F77EEEC00CD99E6 /* PBXContainerItemProxy */;
		};
		3D2FE5EA2F77F20300CD99E6 /* PBXTargetDependency */ = {
			isa = PBXTargetDependency;
			productRef = 3D2FE5E92F77F20300CD99E6 /* ObsidianParser */;
		};
/* End PBXTargetDependency section */

/* Begin XCBuildConfiguration section */
		3D2FE5D92F77EEEC00CD99E6 /* Debug */ = {
			isa = XCBuildConfiguration;
			buildSettings = {
				ALWAYS_SEARCH_USER_PATHS = NO;
				ASSETCATALOG_COMPILER_GENERATE_SWIFT_ASSET_SYMBOL_EXTENSIONS = YES;
				CLANG_ANALYZER_NONNULL = YES;
				CLANG_ANALYZER_NUMBER_OBJECT_CONVERSION = YES_AGGRESSIVE;
				CLANG_CXX_LANGUAGE_STANDARD = "gnu++20";
				CLANG_ENABLE_MODULES = YES;
				CLANG_ENABLE_OBJC_ARC = YES;
				CLANG_ENABLE_OBJC_WEAK = YES;
				CLANG_WARN_BLOCK_CAPTURE_AUTORELEASING = YES;
				CLANG_WARN_BOOL_CONVERSION = YES;
				CLANG_WARN_COMMA = YES;
				CLANG_WARN_CONSTANT_CONVERSION = YES;
				CLANG_WARN_DEPRECATED_OBJC_IMPLEMENTATIONS = YES;
				CLANG_WARN_DIRECT_OBJC_ISA_USAGE = YES_ERROR;
				CLANG_WARN_DOCUMENTATION_COMMENTS = YES;
				CLANG_WARN_EMPTY_BODY = YES;
				CLANG_WARN_ENUM_CONVERSION = YES;
				CLANG_WARN_INFINITE_RECURSION = YES;
				CLANG_WARN_INT_CONVERSION = YES;
				CLANG_WARN_NON_LITERAL_NULL_CONVERSION = YES;
				CLANG_WARN_OBJC_IMPLICIT_RETAIN_SELF = YES;
				CLANG_WARN_OBJC_LITERAL_CONVERSION = YES;
				CLANG_WARN_OBJC_ROOT_CLASS = YES_ERROR;
				CLANG_WARN_QUOTED_INCLUDE_IN_FRAMEWORK_HEADER = YES;
				CLANG_WARN_RANGE_LOOP_ANALYSIS = YES;
				CLANG_WARN_STRICT_PROTOTYPES = YES;
				CLANG_WARN_SUSPICIOUS_MOVE = YES;
				CLANG_WARN_UNGUARDED_AVAILABILITY = YES_AGGRESSIVE;
				CLANG_WARN_UNREACHABLE_CODE = YES;
				CLANG_WARN__DUPLICATE_METHOD_MATCH = YES;
				COPY_PHASE_STRIP = NO;
				DEBUG_INFORMATION_FORMAT = dwarf;
				ENABLE_STRICT_OBJC_MSGSEND = YES;
				ENABLE_TESTABILITY = YES;
				ENABLE_USER_SCRIPT_SANDBOXING = YES;
				GCC_C_LANGUAGE_STANDARD = gnu17;
				GCC_DYNAMIC_NO_PIC = NO;
				GCC_NO_COMMON_BLOCKS = YES;
				GCC_OPTIMIZATION_LEVEL = 0;
				GCC_PREPROCESSOR_DEFINITIONS = (
					"DEBUG=1",
					"$(inherited)",
				);
				GCC_WARN_64_TO_32_BIT_CONVERSION = YES;
				GCC_WARN_ABOUT_RETURN_TYPE = YES_ERROR;
				GCC_WARN_UNDECLARED_SELECTOR = YES;
				GCC_WARN_UNINITIALIZED_AUTOS = YES_AGGRESSIVE;
				GCC_WARN_UNUSED_FUNCTION = YES;
				GCC_WARN_UNUSED_VARIABLE = YES;
				LOCALIZATION_PREFERS_STRING_CATALOGS = YES;
				MTL_ENABLE_DEBUG_INFO = INCLUDE_SOURCE;
				MTL_FAST_MATH = YES;
				ONLY_ACTIVE_ARCH = YES;
				SWIFT_ACTIVE_COMPILATION_CONDITIONS = "DEBUG $(inherited)";
				SWIFT_OPTIMIZATION_LEVEL = "-Onone";
			};
			name = Debug;
		};
		3D2FE5DA2F77EEEC00CD99E6 /* Release */ = {
			isa = XCBuildConfiguration;
			buildSettings = {
				ALWAYS_SEARCH_USER_PATHS = NO;
				ASSETCATALOG_COMPILER_GENERATE_SWIFT_ASSET_SYMBOL_EXTENSIONS = YES;
				CLANG_ANALYZER_NONNULL = YES;
				CLANG_ANALYZER_NUMBER_OBJECT_CONVERSION = YES_AGGRESSIVE;
				CLANG_CXX_LANGUAGE_STANDARD = "gnu++20";
				CLANG_ENABLE_MODULES = YES;
				CLANG_ENABLE_OBJC_ARC = YES;
				CLANG_ENABLE_OBJC_WEAK = YES;
				CLANG_WARN_BLOCK_CAPTURE_AUTORELEASING = YES;
				CLANG_WARN_BOOL_CONVERSION = YES;
				CLANG_WARN_COMMA = YES;
				CLANG_WARN_CONSTANT_CONVERSION = YES;
				CLANG_WARN_DEPRECATED_OBJC_IMPLEMENTATIONS = YES;
				CLANG_WARN_DIRECT_OBJC_ISA_USAGE = YES_ERROR;
				CLANG_WARN_DOCUMENTATION_COMMENTS = YES;
				CLANG_WARN_EMPTY_BODY = YES;
				CLANG_WARN_ENUM_CONVERSION = YES;
				CLANG_WARN_INFINITE_RECURSION = YES;
				CLANG_WARN_INT_CONVERSION = YES;
				CLANG_WARN_NON_LITERAL_NULL_CONVERSION = YES;
				CLANG_WARN_OBJC_IMPLICIT_RETAIN_SELF = YES;
				CLANG_WARN_OBJC_LITERAL_CONVERSION = YES;
				CLANG_WARN_OBJC_ROOT_CLASS = YES_ERROR;
				CLANG_WARN_QUOTED_INCLUDE_IN_FRAMEWORK_HEADER = YES;
				CLANG_WARN_RANGE_LOOP_ANALYSIS = YES;
				CLANG_WARN_STRICT_PROTOTYPES = YES;
				CLANG_WARN_SUSPICIOUS_MOVE = YES;
				CLANG_WARN_UNGUARDED_AVAILABILITY = YES_AGGRESSIVE;
				CLANG_WARN_UNREACHABLE_CODE = YES;
				CLANG_WARN__DUPLICATE_METHOD_MATCH = YES;
				COPY_PHASE_STRIP = NO;
				DEBUG_INFORMATION_FORMAT = "dwarf-with-dsym";
				ENABLE_NS_ASSERTIONS = NO;
				ENABLE_STRICT_OBJC_MSGSEND = YES;
				ENABLE_USER_SCRIPT_SANDBOXING = YES;
				GCC_C_LANGUAGE_STANDARD = gnu17;
				GCC_NO_COMMON_BLOCKS = YES;
				GCC_WARN_64_TO_32_BIT_CONVERSION = YES;
				GCC_WARN_ABOUT_RETURN_TYPE = YES_ERROR;
				GCC_WARN_UNDECLARED_SELECTOR = YES;
				GCC_WARN_UNINITIALIZED_AUTOS = YES_AGGRESSIVE;
				GCC_WARN_UNUSED_FUNCTION = YES;
				GCC_WARN_UNUSED_VARIABLE = YES;
				LOCALIZATION_PREFERS_STRING_CATALOGS = YES;
				MTL_ENABLE_DEBUG_INFO = NO;
				MTL_FAST_MATH = YES;
				SWIFT_COMPILATION_MODE = wholemodule;
			};
			name = Release;
		};
		3D2FE5DC2F77EEEC00CD99E6 /* Debug */ = {
			isa = XCBuildConfiguration;
			buildSettings = {
				ASSETCATALOG_COMPILER_APPICON_NAME = AppIcon;
				ASSETCATALOG_COMPILER_GLOBAL_ACCENT_COLOR_NAME = AccentColor;
				CODE_SIGN_STYLE = Automatic;
				CURRENT_PROJECT_VERSION = 1;
				ENABLE_APP_SANDBOX = YES;
				ENABLE_PREVIEWS = YES;
				ENABLE_USER_SELECTED_FILES = readonly;
				GENERATE_INFOPLIST_FILE = YES;
				INFOPLIST_KEY_CFBundleDisplayName = daiban;
				INFOPLIST_KEY_LSApplicationCategoryType = "public.app-category.productivity";
				"INFOPLIST_KEY_UIApplicationSceneManifest_Generation[sdk=iphoneos*]" = YES;
				"INFOPLIST_KEY_UIApplicationSceneManifest_Generation[sdk=iphonesimulator*]" = YES;
				"INFOPLIST_KEY_UIApplicationSupportsIndirectInputEvents[sdk=iphoneos*]" = YES;
				"INFOPLIST_KEY_UIApplicationSupportsIndirectInputEvents[sdk=iphonesimulator*]" = YES;
				"INFOPLIST_KEY_UILaunchScreen_Generation[sdk=iphoneos*]" = YES;
				"INFOPLIST_KEY_UILaunchScreen_Generation[sdk=iphonesimulator*]" = YES;
				"INFOPLIST_KEY_UIStatusBarStyle[sdk=iphoneos*]" = UIStatusBarStyleDefault;
				"INFOPLIST_KEY_UIStatusBarStyle[sdk=iphonesimulator*]" = UIStatusBarStyleDefault;
				INFOPLIST_KEY_UISupportedInterfaceOrientations_iPad = "UIInterfaceOrientationPortrait UIInterfaceOrientationPortraitUpsideDown UIInterfaceOrientationLandscapeLeft UIInterfaceOrientationLandscapeRight";
				INFOPLIST_KEY_UISupportedInterfaceOrientations_iPhone = "UIInterfaceOrientationPortrait UIInterfaceOrientationLandscapeLeft UIInterfaceOrientationLandscapeRight";
				IPHONEOS_DEPLOYMENT_TARGET = 26.4;
				LD_RUNPATH_SEARCH_PATHS = "@executable_path/Frameworks";
				"LD_RUNPATH_SEARCH_PATHS[sdk=macosx*]" = "@executable_path/../Frameworks";
				MACOSX_DEPLOYMENT_TARGET = 26.4;
				MARKETING_VERSION = 1.0;
				PRODUCT_BUNDLE_IDENTIFIER = ga.emira.daiban;
				PRODUCT_NAME = "$(TARGET_NAME)";
				REGISTER_APP_GROUPS = YES;
				SDKROOT = auto;
				STRING_CATALOG_GENERATE_SYMBOLS = YES;
				SUPPORTED_PLATFORMS = "iphoneos iphonesimulator macosx xros xrsimulator";
				SWIFT_APPROACHABLE_CONCURRENCY = YES;
				SWIFT_DEFAULT_ACTOR_ISOLATION = MainActor;
				SWIFT_EMIT_LOC_STRINGS = YES;
				SWIFT_UPCOMING_FEATURE_MEMBER_IMPORT_VISIBILITY = YES;
				SWIFT_VERSION = 5.0;
				TARGETED_DEVICE_FAMILY = "1,2,7";
				XROS_DEPLOYMENT_TARGET = 26.4;
			};
			name = Debug;
		};
		3D2FE5DD2F77EEEC00CD99E6 /* Release */ = {
			isa = XCBuildConfiguration;
			buildSettings = {
				ASSETCATALOG_COMPILER_APPICON_NAME = AppIcon;
				ASSETCATALOG_COMPILER_GLOBAL_ACCENT_COLOR_NAME = AccentColor;
				CODE_SIGN_STYLE = Automatic;
				CURRENT_PROJECT_VERSION = 1;
				ENABLE_APP_SANDBOX = YES;
				ENABLE_PREVIEWS = YES;
				ENABLE_USER_SELECTED_FILES = readonly;
				GENERATE_INFOPLIST_FILE = YES;
				INFOPLIST_KEY_CFBundleDisplayName = daiban;
				INFOPLIST_KEY_LSApplicationCategoryType = "public.app-category.productivity";
				"INFOPLIST_KEY_UIApplicationSceneManifest_Generation[sdk=iphoneos*]" = YES;
				"INFOPLIST_KEY_UIApplicationSceneManifest_Generation[sdk=iphonesimulator*]" = YES;
				"INFOPLIST_KEY_UIApplicationSupportsIndirectInputEvents[sdk=iphoneos*]" = YES;
				"INFOPLIST_KEY_UIApplicationSupportsIndirectInputEvents[sdk=iphonesimulator*]" = YES;
				"INFOPLIST_KEY_UILaunchScreen_Generation[sdk=iphoneos*]" = YES;
				"INFOPLIST_KEY_UILaunchScreen_Generation[sdk=iphonesimulator*]" = YES;
				"INFOPLIST_KEY_UIStatusBarStyle[sdk=iphoneos*]" = UIStatusBarStyleDefault;
				"INFOPLIST_KEY_UIStatusBarStyle[sdk=iphonesimulator*]" = UIStatusBarStyleDefault;
				INFOPLIST_KEY_UISupportedInterfaceOrientations_iPad = "UIInterfaceOrientationPortrait UIInterfaceOrientationPortraitUpsideDown UIInterfaceOrientationLandscapeLeft UIInterfaceOrientationLandscapeRight";
				INFOPLIST_KEY_UISupportedInterfaceOrientations_iPhone = "UIInterfaceOrientationPortrait UIInterfaceOrientationLandscapeLeft UIInterfaceOrientationLandscapeRight";
				IPHONEOS_DEPLOYMENT_TARGET = 26.4;
				LD_RUNPATH_SEARCH_PATHS = "@executable_path/Frameworks";
				"LD_RUNPATH_SEARCH_PATHS[sdk=macosx*]" = "@executable_path/../Frameworks";
				MACOSX_DEPLOYMENT_TARGET = 26.4;
				MARKETING_VERSION = 1.0;
				PRODUCT_BUNDLE_IDENTIFIER = ga.emira.daiban;
				PRODUCT_NAME = "$(TARGET_NAME)";
				REGISTER_APP_GROUPS = YES;
				SDKROOT = auto;
				STRING_CATALOG_GENERATE_SYMBOLS = YES;
				SUPPORTED_PLATFORMS = "iphoneos iphonesimulator macosx xros xrsimulator";
				SWIFT_APPROACHABLE_CONCURRENCY = YES;
				SWIFT_DEFAULT_ACTOR_ISOLATION = MainActor;
				SWIFT_EMIT_LOC_STRINGS = YES;
				SWIFT_UPCOMING_FEATURE_MEMBER_IMPORT_VISIBILITY = YES;
				SWIFT_VERSION = 5.0;
				TARGETED_DEVICE_FAMILY = "1,2,7";
				XROS_DEPLOYMENT_TARGET = 26.4;
			};
			name = Release;
		};
		3D2FE5DF2F77EEEC00CD99E6 /* Debug */ = {
			isa = XCBuildConfiguration;
			buildSettings = {
				BUNDLE_LOADER = "$(TEST_HOST)";
				CODE_SIGN_STYLE = Automatic;
				CURRENT_PROJECT_VERSION = 1;
				GENERATE_INFOPLIST_FILE = YES;
				IPHONEOS_DEPLOYMENT_TARGET = 26.4;
				MACOSX_DEPLOYMENT_TARGET = 26.4;
				MARKETING_VERSION = 1.0;
				PRODUCT_BUNDLE_IDENTIFIER = ga.emira.daibanTests;
				PRODUCT_NAME = "$(TARGET_NAME)";
				SDKROOT = auto;
				STRING_CATALOG_GENERATE_SYMBOLS = NO;
				SUPPORTED_PLATFORMS = "iphoneos iphonesimulator macosx xros xrsimulator";
				SWIFT_APPROACHABLE_CONCURRENCY = YES;
				SWIFT_EMIT_LOC_STRINGS = NO;
				SWIFT_UPCOMING_FEATURE_MEMBER_IMPORT_VISIBILITY = YES;
				SWIFT_VERSION = 5.0;
				TARGETED_DEVICE_FAMILY = "1,2,7";
				TEST_HOST = "$(BUILT_PRODUCTS_DIR)/daiban.app/$(BUNDLE_EXECUTABLE_FOLDER_PATH)/daiban";
				XROS_DEPLOYMENT_TARGET = 26.4;
			};
			name = Debug;
		};
		3D2FE5E02F77EEEC00CD99E6 /* Release */ = {
			isa = XCBuildConfiguration;
			buildSettings = {
				BUNDLE_LOADER = "$(TEST_HOST)";
				CODE_SIGN_STYLE = Automatic;
				CURRENT_PROJECT_VERSION = 1;
				GENERATE_INFOPLIST_FILE = YES;
				IPHONEOS_DEPLOYMENT_TARGET = 26.4;
				MACOSX_DEPLOYMENT_TARGET = 26.4;
				MARKETING_VERSION = 1.0;
				PRODUCT_BUNDLE_IDENTIFIER = ga.emira.daibanTests;
				PRODUCT_NAME = "$(TARGET_NAME)";
				SDKROOT = auto;
				STRING_CATALOG_GENERATE_SYMBOLS = NO;
				SUPPORTED_PLATFORMS = "iphoneos iphonesimulator macosx xros xrsimulator";
				SWIFT_APPROACHABLE_CONCURRENCY = YES;
				SWIFT_EMIT_LOC_STRINGS = NO;
				SWIFT_UPCOMING_FEATURE_MEMBER_IMPORT_VISIBILITY = YES;
				SWIFT_VERSION = 5.0;
				TARGETED_DEVICE_FAMILY = "1,2,7";
				TEST_HOST = "$(BUILT_PRODUCTS_DIR)/daiban.app/$(BUNDLE_EXECUTABLE_FOLDER_PATH)/daiban";
				XROS_DEPLOYMENT_TARGET = 26.4;
			};
			name = Release;
		};
		3D2FE5E22F77EEEC00CD99E6 /* Debug */ = {
			isa = XCBuildConfiguration;
			buildSettings = {
				CODE_SIGN_STYLE = Automatic;
				CURRENT_PROJECT_VERSION = 1;
				GENERATE_INFOPLIST_FILE = YES;
				IPHONEOS_DEPLOYMENT_TARGET = 26.4;
				MACOSX_DEPLOYMENT_TARGET = 26.4;
				MARKETING_VERSION = 1.0;
				PRODUCT_BUNDLE_IDENTIFIER = ga.emira.daibanUITests;
				PRODUCT_NAME = "$(TARGET_NAME)";
				SDKROOT = auto;
				STRING_CATALOG_GENERATE_SYMBOLS = NO;
				SUPPORTED_PLATFORMS = "iphoneos iphonesimulator macosx xros xrsimulator";
				SWIFT_APPROACHABLE_CONCURRENCY = YES;
				SWIFT_EMIT_LOC_STRINGS = NO;
				SWIFT_UPCOMING_FEATURE_MEMBER_IMPORT_VISIBILITY = YES;
				SWIFT_VERSION = 5.0;
				TARGETED_DEVICE_FAMILY = "1,2,7";
				TEST_TARGET_NAME = daiban;
				XROS_DEPLOYMENT_TARGET = 26.4;
			};
			name = Debug;
		};
		3D2FE5E32F77EEEC00CD99E6 /* Release */ = {
			isa = XCBuildConfiguration;
			buildSettings = {
				CODE_SIGN_STYLE = Automatic;
				CURRENT_PROJECT_VERSION = 1;
				GENERATE_INFOPLIST_FILE = YES;
				IPHONEOS_DEPLOYMENT_TARGET = 26.4;
				MACOSX_DEPLOYMENT_TARGET = 26.4;
				MARKETING_VERSION = 1.0;
				PRODUCT_BUNDLE_IDENTIFIER = ga.emira.daibanUITests;
				PRODUCT_NAME = "$(TARGET_NAME)";
				SDKROOT = auto;
				STRING_CATALOG_GENERATE_SYMBOLS = NO;
				SUPPORTED_PLATFORMS = "iphoneos iphonesimulator macosx xros xrsimulator";
				SWIFT_APPROACHABLE_CONCURRENCY = YES;
				SWIFT_EMIT_LOC_STRINGS = NO;
				SWIFT_UPCOMING_FEATURE_MEMBER_IMPORT_VISIBILITY = YES;
				SWIFT_VERSION = 5.0;
				TARGETED_DEVICE_FAMILY = "1,2,7";
				TEST_TARGET_NAME = daiban;
				XROS_DEPLOYMENT_TARGET = 26.4;
			};
			name = Release;
		};
/* End XCBuildConfiguration section */

/* Begin XCConfigurationList section */
		3D2FE5B32F77EEEB00CD99E6 /* Build configuration list for PBXProject "daiban" */ = {
			isa = XCConfigurationList;
			buildConfigurations = (
				3D2FE5D92F77EEEC00CD99E6 /* Debug */,
				3D2FE5DA2F77EEEC00CD99E6 /* Release */,
			);
			defaultConfigurationIsVisible = 0;
			defaultConfigurationName = Release;
		};
		3D2FE5DB2F77EEEC00CD99E6 /* Build configuration list for PBXNativeTarget "daiban" */ = {
			isa = XCConfigurationList;
			buildConfigurations = (
				3D2FE5DC2F77EEEC00CD99E6 /* Debug */,
				3D2FE5DD2F77EEEC00CD99E6 /* Release */,
			);
			defaultConfigurationIsVisible = 0;
			defaultConfigurationName = Release;
		};
		3D2FE5DE2F77EEEC00CD99E6 /* Build configuration list for PBXNativeTarget "daibanTests" */ = {
			isa = XCConfigurationList;
			buildConfigurations = (
				3D2FE5DF2F77EEEC00CD99E6 /* Debug */,
				3D2FE5E02F77EEEC00CD99E6 /* Release */,
			);
			defaultConfigurationIsVisible = 0;
			defaultConfigurationName = Release;
		};
		3D2FE5E12F77EEEC00CD99E6 /* Build configuration list for PBXNativeTarget "daibanUITests" */ = {
			isa = XCConfigurationList;
			buildConfigurations = (
				3D2FE5E22F77EEEC00CD99E6 /* Debug */,
				3D2FE5E32F77EEEC00CD99E6 /* Release */,
			);
			defaultConfigurationIsVisible = 0;
			defaultConfigurationName = Release;
		};
/* End XCConfigurationList section */

/* Begin XCSwiftPackageProductDependency section */
		3D2FE5E72F77F1BE00CD99E6 /* ObsidianParser */ = {
			isa = XCSwiftPackageProductDependency;
			productName = ObsidianParser;
		};
		3D2FE5E92F77F20300CD99E6 /* ObsidianParser */ = {
			isa = XCSwiftPackageProductDependency;
			productName = ObsidianParser;
		};
/* End XCSwiftPackageProductDependency section */
	};
	rootObject = 3D2FE5B02F77EEEB00CD99E6 /* Project object */;
}
